{
  "name": "weddingeazy",
  "lockfileVersion": 2,
  "requires": true,
  "packages": {
    "": {
      "dependencies": {
        "permission-utils": "^2.0.3"
      }
    },
    "node_modules/permission-utils": {
      "version": "2.0.3",
      "resolved": "https://registry.npmjs.org/permission-utils/-/permission-utils-2.0.3.tgz",
      "integrity": "sha512-ekkPObiMX7IfcP1IJ5LYCPuWfIUxbbmUaNx6ESiazMfMXDL5P8v8YZXf+i6+QHPb7L23nj8ZZds3DPuZoJiXnQ=="
    }
  },
  "dependencies": {
    "permission-utils": {
      "version": "2.0.3",
      "resolved": "https://registry.npmjs.org/permission-utils/-/permission-utils-2.0.3.tgz",
      "integrity": "sha512-ekkPObiMX7IfcP1IJ5LYCPuWfIUxbbmUaNx6ESiazMfMXDL5P8v8YZXf+i6+QHPb7L23nj8ZZds3DPuZoJiXnQ=="
    }
  }
}
